// !$*UTF8*$!
{
	archiveVersion = 1;
	classes = {
	};
	objectVersion = 46;
	objects = {

/* Begin PBXBuildFile section */
		384AFBB71B695DF400E169A9 /* TRVConstants.m in Sources */ = {isa = PBXBuildFile; fileRef = 384AFBB61B695DF400E169A9 /* TRVConstants.m */; };
		3859EDF01B694003001C5693 /* TRVTour.m in Sources */ = {isa = PBXBuildFile; fileRef = 3859EDEF1B694003001C5693 /* TRVTour.m */; };
		3859EDF41B694031001C5693 /* TRVItinerary.m in Sources */ = {isa = PBXBuildFile; fileRef = 3859EDF31B694031001C5693 /* TRVItinerary.m */; };
		38CF38E81B682B7E0035335A /* TRVTopLVLMenuViewController.m in Sources */ = {isa = PBXBuildFile; fileRef = 38CF38E71B682B7E0035335A /* TRVTopLVLMenuViewController.m */; };
		451565161B68221B005A2871 /* main.m in Sources */ = {isa = PBXBuildFile; fileRef = 451565151B68221B005A2871 /* main.m */; };
		451565191B68221B005A2871 /* AppDelegate.m in Sources */ = {isa = PBXBuildFile; fileRef = 451565181B68221B005A2871 /* AppDelegate.m */; };
		4515651C1B68221B005A2871 /* ViewController.m in Sources */ = {isa = PBXBuildFile; fileRef = 4515651B1B68221B005A2871 /* ViewController.m */; };
		4515651F1B68221B005A2871 /* Main.storyboard in Resources */ = {isa = PBXBuildFile; fileRef = 4515651D1B68221B005A2871 /* Main.storyboard */; };
		451565211B68221B005A2871 /* Images.xcassets in Resources */ = {isa = PBXBuildFile; fileRef = 451565201B68221B005A2871 /* Images.xcassets */; };
		451565241B68221B005A2871 /* LaunchScreen.xib in Resources */ = {isa = PBXBuildFile; fileRef = 451565221B68221B005A2871 /* LaunchScreen.xib */; };
		451565301B68221B005A2871 /* IndigenousTests.m in Sources */ = {isa = PBXBuildFile; fileRef = 4515652F1B68221B005A2871 /* IndigenousTests.m */; };
		45E772CD1B6824C400003C7C /* TRVUser.m in Sources */ = {isa = PBXBuildFile; fileRef = 45E772CC1B6824C400003C7C /* TRVUser.m */; };
		45E772D01B68291300003C7C /* TRVBio.m in Sources */ = {isa = PBXBuildFile; fileRef = 45E772CF1B68291300003C7C /* TRVBio.m */; };
		947BE9F51B69750F007268A3 /* addTour.Storyboard in Resources */ = {isa = PBXBuildFile; fileRef = 947BE9F41B69750F007268A3 /* addTour.Storyboard */; };
		94C2EDA21B69637900BC2F7C /* addTour.Storyboard in Resources */ = {isa = PBXBuildFile; fileRef = 94C2EDA11B69637900BC2F7C /* addTour.Storyboard */; };
		94C2EDA51B69657B00BC2F7C /* TRVSearchTripsViewController.m in Sources */ = {isa = PBXBuildFile; fileRef = 94C2EDA41B69657B00BC2F7C /* TRVSearchTripsViewController.m */; };
		94C2EDA81B69662F00BC2F7C /* TRVProfileViewController.m in Sources */ = {isa = PBXBuildFile; fileRef = 94C2EDA71B69662F00BC2F7C /* TRVProfileViewController.m */; };
		94C2EDAB1B69664400BC2F7C /* TRVSearchViewController.m in Sources */ = {isa = PBXBuildFile; fileRef = 94C2EDAA1B69664400BC2F7C /* TRVSearchViewController.m */; };
		94C2EDB01B69709600BC2F7C /* TRVUserSnippetTableViewCell.m in Sources */ = {isa = PBXBuildFile; fileRef = 94C2EDAF1B69709600BC2F7C /* TRVUserSnippetTableViewCell.m */; };
		94C77F871B68354E003836E3 /* TRVTourStop.m in Sources */ = {isa = PBXBuildFile; fileRef = 94C77F841B68354E003836E3 /* TRVTourStop.m */; };
		94C77F881B68354E003836E3 /* TRVRating.m in Sources */ = {isa = PBXBuildFile; fileRef = 94C77F861B68354E003836E3 /* TRVRating.m */; };
		CABB73DD260A27FA46F73396 /* libPods.a in Frameworks */ = {isa = PBXBuildFile; fileRef = D69FD457D9B6860BB4D3A8B4 /* libPods.a */; };
/* End PBXBuildFile section */

/* Begin PBXContainerItemProxy section */
		4515652A1B68221B005A2871 /* PBXContainerItemProxy */ = {
			isa = PBXContainerItemProxy;
			containerPortal = 451565081B68221B005A2871 /* Project object */;
			proxyType = 1;
			remoteGlobalIDString = 4515650F1B68221B005A2871;
			remoteInfo = Indigenous;
		};
/* End PBXContainerItemProxy section */

/* Begin PBXFileReference section */
		2A091188074B9C927FC5D79C /* Pods.debug.xcconfig */ = {isa = PBXFileReference; includeInIndex = 1; lastKnownFileType = text.xcconfig; name = Pods.debug.xcconfig; path = "Pods/Target Support Files/Pods/Pods.debug.xcconfig"; sourceTree = "<group>"; };
		384AFBB61B695DF400E169A9 /* TRVConstants.m */ = {isa = PBXFileReference; fileEncoding = 4; lastKnownFileType = sourcecode.c.objc; path = TRVConstants.m; sourceTree = "<group>"; };
		3859EDEE1B694003001C5693 /* TRVTour.h */ = {isa = PBXFileReference; fileEncoding = 4; lastKnownFileType = sourcecode.c.h; path = TRVTour.h; sourceTree = "<group>"; };
		3859EDEF1B694003001C5693 /* TRVTour.m */ = {isa = PBXFileReference; fileEncoding = 4; lastKnownFileType = sourcecode.c.objc; path = TRVTour.m; sourceTree = "<group>"; };
		3859EDF21B694031001C5693 /* TRVItinerary.h */ = {isa = PBXFileReference; fileEncoding = 4; lastKnownFileType = sourcecode.c.h; path = TRVItinerary.h; sourceTree = "<group>"; };
		3859EDF31B694031001C5693 /* TRVItinerary.m */ = {isa = PBXFileReference; fileEncoding = 4; lastKnownFileType = sourcecode.c.objc; path = TRVItinerary.m; sourceTree = "<group>"; };
		38CF38E61B682B7E0035335A /* TRVTopLVLMenuViewController.h */ = {isa = PBXFileReference; fileEncoding = 4; lastKnownFileType = sourcecode.c.h; path = TRVTopLVLMenuViewController.h; sourceTree = "<group>"; };
		38CF38E71B682B7E0035335A /* TRVTopLVLMenuViewController.m */ = {isa = PBXFileReference; fileEncoding = 4; lastKnownFileType = sourcecode.c.objc; path = TRVTopLVLMenuViewController.m; sourceTree = "<group>"; };
		451565101B68221B005A2871 /* Indigenous.app */ = {isa = PBXFileReference; explicitFileType = wrapper.application; includeInIndex = 0; path = Indigenous.app; sourceTree = BUILT_PRODUCTS_DIR; };
		451565141B68221B005A2871 /* Info.plist */ = {isa = PBXFileReference; lastKnownFileType = text.plist.xml; path = Info.plist; sourceTree = "<group>"; };
		451565151B68221B005A2871 /* main.m */ = {isa = PBXFileReference; lastKnownFileType = sourcecode.c.objc; path = main.m; sourceTree = "<group>"; };
		451565171B68221B005A2871 /* AppDelegate.h */ = {isa = PBXFileReference; lastKnownFileType = sourcecode.c.h; path = AppDelegate.h; sourceTree = "<group>"; };
		451565181B68221B005A2871 /* AppDelegate.m */ = {isa = PBXFileReference; lastKnownFileType = sourcecode.c.objc; path = AppDelegate.m; sourceTree = "<group>"; };
		4515651A1B68221B005A2871 /* ViewController.h */ = {isa = PBXFileReference; lastKnownFileType = sourcecode.c.h; path = ViewController.h; sourceTree = "<group>"; };
		4515651B1B68221B005A2871 /* ViewController.m */ = {isa = PBXFileReference; lastKnownFileType = sourcecode.c.objc; path = ViewController.m; sourceTree = "<group>"; };
		4515651E1B68221B005A2871 /* Base */ = {isa = PBXFileReference; lastKnownFileType = file.storyboard; name = Base; path = Base.lproj/Main.storyboard; sourceTree = "<group>"; };
		451565201B68221B005A2871 /* Images.xcassets */ = {isa = PBXFileReference; lastKnownFileType = folder.assetcatalog; path = Images.xcassets; sourceTree = "<group>"; };
		451565231B68221B005A2871 /* Base */ = {isa = PBXFileReference; lastKnownFileType = file.xib; name = Base; path = Base.lproj/LaunchScreen.xib; sourceTree = "<group>"; };
		451565291B68221B005A2871 /* IndigenousTests.xctest */ = {isa = PBXFileReference; explicitFileType = wrapper.cfbundle; includeInIndex = 0; path = IndigenousTests.xctest; sourceTree = BUILT_PRODUCTS_DIR; };
		4515652E1B68221B005A2871 /* Info.plist */ = {isa = PBXFileReference; lastKnownFileType = text.plist.xml; path = Info.plist; sourceTree = "<group>"; };
		4515652F1B68221B005A2871 /* IndigenousTests.m */ = {isa = PBXFileReference; lastKnownFileType = sourcecode.c.objc; path = IndigenousTests.m; sourceTree = "<group>"; };
		45E772CB1B6824C400003C7C /* TRVUser.h */ = {isa = PBXFileReference; fileEncoding = 4; lastKnownFileType = sourcecode.c.h; path = TRVUser.h; sourceTree = "<group>"; };
		45E772CC1B6824C400003C7C /* TRVUser.m */ = {isa = PBXFileReference; fileEncoding = 4; lastKnownFileType = sourcecode.c.objc; path = TRVUser.m; sourceTree = "<group>"; };
		45E772CE1B68291300003C7C /* TRVBio.h */ = {isa = PBXFileReference; fileEncoding = 4; lastKnownFileType = sourcecode.c.h; path = TRVBio.h; sourceTree = "<group>"; };
		45E772CF1B68291300003C7C /* TRVBio.m */ = {isa = PBXFileReference; fileEncoding = 4; lastKnownFileType = sourcecode.c.objc; path = TRVBio.m; sourceTree = "<group>"; };
		45E772D11B682F7000003C7C /* TRVConstants.h */ = {isa = PBXFileReference; fileEncoding = 4; lastKnownFileType = sourcecode.c.h; path = TRVConstants.h; sourceTree = "<group>"; };
		947BE9F41B69750F007268A3 /* addTour.Storyboard */ = {isa = PBXFileReference; fileEncoding = 4; lastKnownFileType = file.storyboard; path = addTour.Storyboard; sourceTree = "<group>"; };
		94C2EDA11B69637900BC2F7C /* addTour.Storyboard */ = {isa = PBXFileReference; fileEncoding = 4; lastKnownFileType = file.storyboard; path = addTour.Storyboard; sourceTree = "<group>"; };
		94C2EDA31B69657B00BC2F7C /* TRVSearchTripsViewController.h */ = {isa = PBXFileReference; fileEncoding = 4; lastKnownFileType = sourcecode.c.h; path = TRVSearchTripsViewController.h; sourceTree = "<group>"; };
		94C2EDA41B69657B00BC2F7C /* TRVSearchTripsViewController.m */ = {isa = PBXFileReference; fileEncoding = 4; lastKnownFileType = sourcecode.c.objc; path = TRVSearchTripsViewController.m; sourceTree = "<group>"; };
		94C2EDA61B69662F00BC2F7C /* TRVProfileViewController.h */ = {isa = PBXFileReference; fileEncoding = 4; lastKnownFileType = sourcecode.c.h; path = TRVProfileViewController.h; sourceTree = "<group>"; };
		94C2EDA71B69662F00BC2F7C /* TRVProfileViewController.m */ = {isa = PBXFileReference; fileEncoding = 4; lastKnownFileType = sourcecode.c.objc; path = TRVProfileViewController.m; sourceTree = "<group>"; };
		94C2EDA91B69664400BC2F7C /* TRVSearchViewController.h */ = {isa = PBXFileReference; fileEncoding = 4; lastKnownFileType = sourcecode.c.h; path = TRVSearchViewController.h; sourceTree = "<group>"; };
		94C2EDAA1B69664400BC2F7C /* TRVSearchViewController.m */ = {isa = PBXFileReference; fileEncoding = 4; lastKnownFileType = sourcecode.c.objc; path = TRVSearchViewController.m; sourceTree = "<group>"; };
		94C2EDAE1B69709600BC2F7C /* TRVUserSnippetTableViewCell.h */ = {isa = PBXFileReference; fileEncoding = 4; lastKnownFileType = sourcecode.c.h; path = TRVUserSnippetTableViewCell.h; sourceTree = "<group>"; };
		94C2EDAF1B69709600BC2F7C /* TRVUserSnippetTableViewCell.m */ = {isa = PBXFileReference; fileEncoding = 4; lastKnownFileType = sourcecode.c.objc; path = TRVUserSnippetTableViewCell.m; sourceTree = "<group>"; };
		94C77F831B68354E003836E3 /* TRVTourStop.h */ = {isa = PBXFileReference; fileEncoding = 4; lastKnownFileType = sourcecode.c.h; path = TRVTourStop.h; sourceTree = "<group>"; };
		94C77F841B68354E003836E3 /* TRVTourStop.m */ = {isa = PBXFileReference; fileEncoding = 4; lastKnownFileType = sourcecode.c.objc; path = TRVTourStop.m; sourceTree = "<group>"; };
		94C77F851B68354E003836E3 /* TRVRating.h */ = {isa = PBXFileReference; fileEncoding = 4; lastKnownFileType = sourcecode.c.h; path = TRVRating.h; sourceTree = "<group>"; };
		94C77F861B68354E003836E3 /* TRVRating.m */ = {isa = PBXFileReference; fileEncoding = 4; lastKnownFileType = sourcecode.c.objc; path = TRVRating.m; sourceTree = "<group>"; };
		978AD411918DBD4335023B25 /* Pods.release.xcconfig */ = {isa = PBXFileReference; includeInIndex = 1; lastKnownFileType = text.xcconfig; name = Pods.release.xcconfig; path = "Pods/Target Support Files/Pods/Pods.release.xcconfig"; sourceTree = "<group>"; };
		D69FD457D9B6860BB4D3A8B4 /* libPods.a */ = {isa = PBXFileReference; explicitFileType = archive.ar; includeInIndex = 0; path = libPods.a; sourceTree = BUILT_PRODUCTS_DIR; };
		EB2D729CE63AF68C9FEE85FC /* libPods-Indigenous.a */ = {isa = PBXFileReference; explicitFileType = archive.ar; includeInIndex = 0; path = "libPods-Indigenous.a"; sourceTree = BUILT_PRODUCTS_DIR; };
/* End PBXFileReference section */

/* Begin PBXFrameworksBuildPhase section */
		4515650D1B68221B005A2871 /* Frameworks */ = {
			isa = PBXFrameworksBuildPhase;
			buildActionMask = 2147483647;
			files = (
				CABB73DD260A27FA46F73396 /* libPods.a in Frameworks */,
			);
			runOnlyForDeploymentPostprocessing = 0;
		};
		451565261B68221B005A2871 /* Frameworks */ = {
			isa = PBXFrameworksBuildPhase;
			buildActionMask = 2147483647;
			files = (
			);
			runOnlyForDeploymentPostprocessing = 0;
		};
/* End PBXFrameworksBuildPhase section */

/* Begin PBXGroup section */
		3859EDF11B69400E001C5693 /* Business Logic/Models */ = {
			isa = PBXGroup;
			children = (
				94C2EDA11B69637900BC2F7C /* addTour.Storyboard */,
				94C2EDA61B69662F00BC2F7C /* TRVProfileViewController.h */,
				94C2EDA71B69662F00BC2F7C /* TRVProfileViewController.m */,
				94C2EDA91B69664400BC2F7C /* TRVSearchViewController.h */,
				94C2EDAA1B69664400BC2F7C /* TRVSearchViewController.m */,
				94C2EDA31B69657B00BC2F7C /* TRVSearchTripsViewController.h */,
				94C2EDA41B69657B00BC2F7C /* TRVSearchTripsViewController.m */,
				3859EDEE1B694003001C5693 /* TRVTour.h */,
				3859EDEF1B694003001C5693 /* TRVTour.m */,
				3859EDF21B694031001C5693 /* TRVItinerary.h */,
				3859EDF31B694031001C5693 /* TRVItinerary.m */,
				94C77F831B68354E003836E3 /* TRVTourStop.h */,
				94C77F841B68354E003836E3 /* TRVTourStop.m */,
			);
			name = "Business Logic/Models";
			sourceTree = "<group>";
		};
		451565071B68221B005A2871 = {
			isa = PBXGroup;
			children = (
				947BE9F41B69750F007268A3 /* addTour.Storyboard */,
				94C2EDAE1B69709600BC2F7C /* TRVUserSnippetTableViewCell.h */,
				94C2EDAF1B69709600BC2F7C /* TRVUserSnippetTableViewCell.m */,
				451565121B68221B005A2871 /* Indigenous */,
				4515652C1B68221B005A2871 /* IndigenousTests */,
				451565111B68221B005A2871 /* Products */,
				5C48CC399C45D8E89A305C19 /* Pods */,
				E016E9421874380702EDBE50 /* Frameworks */,
			);
			sourceTree = "<group>";
		};
		451565111B68221B005A2871 /* Products */ = {
			isa = PBXGroup;
			children = (
				451565101B68221B005A2871 /* Indigenous.app */,
				451565291B68221B005A2871 /* IndigenousTests.xctest */,
			);
			name = Products;
			sourceTree = "<group>";
		};
		451565121B68221B005A2871 /* Indigenous */ = {
			isa = PBXGroup;
			children = (
				3859EDF11B69400E001C5693 /* Business Logic/Models */,
				94C77F851B68354E003836E3 /* TRVRating.h */,
				94C77F861B68354E003836E3 /* TRVRating.m */,
				451565171B68221B005A2871 /* AppDelegate.h */,
				451565181B68221B005A2871 /* AppDelegate.m */,
				4515651B1B68221B005A2871 /* ViewController.m */,
				4515651A1B68221B005A2871 /* ViewController.h */,
				38CF38E61B682B7E0035335A /* TRVTopLVLMenuViewController.h */,
				38CF38E71B682B7E0035335A /* TRVTopLVLMenuViewController.m */,
				45E772CB1B6824C400003C7C /* TRVUser.h */,
				45E772CC1B6824C400003C7C /* TRVUser.m */,
				45E772CE1B68291300003C7C /* TRVBio.h */,
				45E772CF1B68291300003C7C /* TRVBio.m */,
				45E772D11B682F7000003C7C /* TRVConstants.h */,
				384AFBB61B695DF400E169A9 /* TRVConstants.m */,
				4515651D1B68221B005A2871 /* Main.storyboard */,
				451565201B68221B005A2871 /* Images.xcassets */,
				451565221B68221B005A2871 /* LaunchScreen.xib */,
				451565131B68221B005A2871 /* Supporting Files */,
			);
			path = Indigenous;
			sourceTree = "<group>";
		};
		451565131B68221B005A2871 /* Supporting Files */ = {
			isa = PBXGroup;
			children = (
				451565141B68221B005A2871 /* Info.plist */,
				451565151B68221B005A2871 /* main.m */,
			);
			name = "Supporting Files";
			sourceTree = "<group>";
		};
		4515652C1B68221B005A2871 /* IndigenousTests */ = {
			isa = PBXGroup;
			children = (
				4515652F1B68221B005A2871 /* IndigenousTests.m */,
				4515652D1B68221B005A2871 /* Supporting Files */,
			);
			path = IndigenousTests;
			sourceTree = "<group>";
		};
		4515652D1B68221B005A2871 /* Supporting Files */ = {
			isa = PBXGroup;
			children = (
				4515652E1B68221B005A2871 /* Info.plist */,
			);
			name = "Supporting Files";
			sourceTree = "<group>";
		};
		5C48CC399C45D8E89A305C19 /* Pods */ = {
			isa = PBXGroup;
			children = (
				2A091188074B9C927FC5D79C /* Pods.debug.xcconfig */,
				978AD411918DBD4335023B25 /* Pods.release.xcconfig */,
			);
			name = Pods;
			sourceTree = "<group>";
		};
		E016E9421874380702EDBE50 /* Frameworks */ = {
			isa = PBXGroup;
			children = (
				D69FD457D9B6860BB4D3A8B4 /* libPods.a */,
				EB2D729CE63AF68C9FEE85FC /* libPods-Indigenous.a */,
			);
			name = Frameworks;
			sourceTree = "<group>";
		};
/* End PBXGroup section */

/* Begin PBXNativeTarget section */
		4515650F1B68221B005A2871 /* Indigenous */ = {
			isa = PBXNativeTarget;
			buildConfigurationList = 451565331B68221B005A2871 /* Build configuration list for PBXNativeTarget "Indigenous" */;
			buildPhases = (
				7E1699909AF767B0CDFB9A40 /* Check Pods Manifest.lock */,
				4515650C1B68221B005A2871 /* Sources */,
				4515650D1B68221B005A2871 /* Frameworks */,
				4515650E1B68221B005A2871 /* Resources */,
				62C0DFD063F82A5A6792AC7B /* Copy Pods Resources */,
			);
			buildRules = (
			);
			dependencies = (
			);
			name = Indigenous;
			productName = Indigenous;
			productReference = 451565101B68221B005A2871 /* Indigenous.app */;
			productType = "com.apple.product-type.application";
		};
		451565281B68221B005A2871 /* IndigenousTests */ = {
			isa = PBXNativeTarget;
			buildConfigurationList = 451565361B68221B005A2871 /* Build configuration list for PBXNativeTarget "IndigenousTests" */;
			buildPhases = (
				451565251B68221B005A2871 /* Sources */,
				451565261B68221B005A2871 /* Frameworks */,
				451565271B68221B005A2871 /* Resources */,
			);
			buildRules = (
			);
			dependencies = (
				4515652B1B68221B005A2871 /* PBXTargetDependency */,
			);
			name = IndigenousTests;
			productName = IndigenousTests;
			productReference = 451565291B68221B005A2871 /* IndigenousTests.xctest */;
			productType = "com.apple.product-type.bundle.unit-test";
		};
/* End PBXNativeTarget section */

/* Begin PBXProject section */
		451565081B68221B005A2871 /* Project object */ = {
			isa = PBXProject;
			attributes = {
				CLASSPREFIX = TRV;
				LastUpgradeCheck = 0630;
				ORGANIZATIONNAME = "Bad Boys 3";
				TargetAttributes = {
					4515650F1B68221B005A2871 = {
						CreatedOnToolsVersion = 6.3.1;
					};
					451565281B68221B005A2871 = {
						CreatedOnToolsVersion = 6.3.1;
						TestTargetID = 4515650F1B68221B005A2871;
					};
				};
			};
			buildConfigurationList = 4515650B1B68221B005A2871 /* Build configuration list for PBXProject "Indigenous" */;
			compatibilityVersion = "Xcode 3.2";
			developmentRegion = English;
			hasScannedForEncodings = 0;
			knownRegions = (
				en,
				Base,
			);
			mainGroup = 451565071B68221B005A2871;
			productRefGroup = 451565111B68221B005A2871 /* Products */;
			projectDirPath = "";
			projectRoot = "";
			targets = (
				4515650F1B68221B005A2871 /* Indigenous */,
				451565281B68221B005A2871 /* IndigenousTests */,
			);
		};
/* End PBXProject section */

/* Begin PBXResourcesBuildPhase section */
		4515650E1B68221B005A2871 /* Resources */ = {
			isa = PBXResourcesBuildPhase;
			buildActionMask = 2147483647;
			files = (
				94C2EDA21B69637900BC2F7C /* addTour.Storyboard in Resources */,
				4515651F1B68221B005A2871 /* Main.storyboard in Resources */,
				947BE9F51B69750F007268A3 /* addTour.Storyboard in Resources */,
				451565241B68221B005A2871 /* LaunchScreen.xib in Resources */,
				451565211B68221B005A2871 /* Images.xcassets in Resources */,
			);
			runOnlyForDeploymentPostprocessing = 0;
		};
		451565271B68221B005A2871 /* Resources */ = {
			isa = PBXResourcesBuildPhase;
			buildActionMask = 2147483647;
			files = (
			);
			runOnlyForDeploymentPostprocessing = 0;
		};
/* End PBXResourcesBuildPhase section */

/* Begin PBXShellScriptBuildPhase section */
		62C0DFD063F82A5A6792AC7B /* Copy Pods Resources */ = {
			isa = PBXShellScriptBuildPhase;
			buildActionMask = 2147483647;
			files = (
			);
			inputPaths = (
			);
			name = "Copy Pods Resources";
			outputPaths = (
			);
			runOnlyForDeploymentPostprocessing = 0;
			shellPath = /bin/sh;
			shellScript = "\"${SRCROOT}/Pods/Target Support Files/Pods/Pods-resources.sh\"\n";
			showEnvVarsInLog = 0;
		};
		7E1699909AF767B0CDFB9A40 /* Check Pods Manifest.lock */ = {
			isa = PBXShellScriptBuildPhase;
			buildActionMask = 2147483647;
			files = (
			);
			inputPaths = (
			);
			name = "Check Pods Manifest.lock";
			outputPaths = (
			);
			runOnlyForDeploymentPostprocessing = 0;
			shellPath = /bin/sh;
			shellScript = "diff \"${PODS_ROOT}/../Podfile.lock\" \"${PODS_ROOT}/Manifest.lock\" > /dev/null\nif [[ $? != 0 ]] ; then\n    cat << EOM\nerror: The sandbox is not in sync with the Podfile.lock. Run 'pod install' or update your CocoaPods installation.\nEOM\n    exit 1\nfi\n";
			showEnvVarsInLog = 0;
		};
/* End PBXShellScriptBuildPhase section */

/* Begin PBXSourcesBuildPhase section */
		4515650C1B68221B005A2871 /* Sources */ = {
			isa = PBXSourcesBuildPhase;
			buildActionMask = 2147483647;
			files = (
				4515651C1B68221B005A2871 /* ViewController.m in Sources */,
				94C2EDA81B69662F00BC2F7C /* TRVProfileViewController.m in Sources */,
				38CF38E81B682B7E0035335A /* TRVTopLVLMenuViewController.m in Sources */,
				94C2EDB01B69709600BC2F7C /* TRVUserSnippetTableViewCell.m in Sources */,
				384AFBB71B695DF400E169A9 /* TRVConstants.m in Sources */,
				451565191B68221B005A2871 /* AppDelegate.m in Sources */,
				451565161B68221B005A2871 /* main.m in Sources */,
				94C77F881B68354E003836E3 /* TRVRating.m in Sources */,
				94C2EDAB1B69664400BC2F7C /* TRVSearchViewController.m in Sources */,
				94C77F871B68354E003836E3 /* TRVTourStop.m in Sources */,
				45E772CD1B6824C400003C7C /* TRVUser.m in Sources */,
				94C2EDA51B69657B00BC2F7C /* TRVSearchTripsViewController.m in Sources */,
				3859EDF41B694031001C5693 /* TRVItinerary.m in Sources */,
				45E772D01B68291300003C7C /* TRVBio.m in Sources */,
				3859EDF01B694003001C5693 /* TRVTour.m in Sources */,
			);
			runOnlyForDeploymentPostprocessing = 0;
		};
		451565251B68221B005A2871 /* Sources */ = {
			isa = PBXSourcesBuildPhase;
			buildActionMask = 2147483647;
			files = (
				451565301B68221B005A2871 /* IndigenousTests.m in Sources */,
			);
			runOnlyForDeploymentPostprocessing = 0;
		};
/* End PBXSourcesBuildPhase section */

/* Begin PBXTargetDependency section */
		4515652B1B68221B005A2871 /* PBXTargetDependency */ = {
			isa = PBXTargetDependency;
			target = 4515650F1B68221B005A2871 /* Indigenous */;
			targetProxy = 4515652A1B68221B005A2871 /* PBXContainerItemProxy */;
		};
/* End PBXTargetDependency section */

/* Begin PBXVariantGroup section */
		4515651D1B68221B005A2871 /* Main.storyboard */ = {
			isa = PBXVariantGroup;
			children = (
				4515651E1B68221B005A2871 /* Base */,
			);
			name = Main.storyboard;
			sourceTree = "<group>";
		};
		451565221B68221B005A2871 /* LaunchScreen.xib */ = {
			isa = PBXVariantGroup;
			children = (
				451565231B68221B005A2871 /* Base */,
			);
			name = LaunchScreen.xib;
			sourceTree = "<group>";
		};
/* End PBXVariantGroup section */

/* Begin XCBuildConfiguration section */
		451565311B68221B005A2871 /* Debug */ = {
			isa = XCBuildConfiguration;
			buildSettings = {
				ALWAYS_SEARCH_USER_PATHS = NO;
				CLANG_CXX_LANGUAGE_STANDARD = "gnu++0x";
				CLANG_CXX_LIBRARY = "libc++";
				CLANG_ENABLE_MODULES = YES;
				CLANG_ENABLE_OBJC_ARC = YES;
				CLANG_WARN_BOOL_CONVERSION = YES;
				CLANG_WARN_CONSTANT_CONVERSION = YES;
				CLANG_WARN_DIRECT_OBJC_ISA_USAGE = YES_ERROR;
				CLANG_WARN_EMPTY_BODY = YES;
				CLANG_WARN_ENUM_CONVERSION = YES;
				CLANG_WARN_INT_CONVERSION = YES;
				CLANG_WARN_OBJC_ROOT_CLASS = YES_ERROR;
				CLANG_WARN_UNREACHABLE_CODE = YES;
				CLANG_WARN__DUPLICATE_METHOD_MATCH = YES;
				"CODE_SIGN_IDENTITY[sdk=iphoneos*]" = "iPhone Developer";
				COPY_PHASE_STRIP = NO;
				DEBUG_INFORMATION_FORMAT = "dwarf-with-dsym";
				ENABLE_STRICT_OBJC_MSGSEND = YES;
				GCC_C_LANGUAGE_STANDARD = gnu99;
				GCC_DYNAMIC_NO_PIC = NO;
				GCC_NO_COMMON_BLOCKS = YES;
				GCC_OPTIMIZATION_LEVEL = 0;
				GCC_PREPROCESSOR_DEFINITIONS = (
					"DEBUG=1",
					"$(inherited)",
				);
				GCC_SYMBOLS_PRIVATE_EXTERN = NO;
				GCC_WARN_64_TO_32_BIT_CONVERSION = YES;
				GCC_WARN_ABOUT_RETURN_TYPE = YES_ERROR;
				GCC_WARN_UNDECLARED_SELECTOR = YES;
				GCC_WARN_UNINITIALIZED_AUTOS = YES_AGGRESSIVE;
				GCC_WARN_UNUSED_FUNCTION = YES;
				GCC_WARN_UNUSED_VARIABLE = YES;
				IPHONEOS_DEPLOYMENT_TARGET = 8.3;
				MTL_ENABLE_DEBUG_INFO = YES;
				ONLY_ACTIVE_ARCH = YES;
				SDKROOT = iphoneos;
			};
			name = Debug;
		};
		451565321B68221B005A2871 /* Release */ = {
			isa = XCBuildConfiguration;
			buildSettings = {
				ALWAYS_SEARCH_USER_PATHS = NO;
				CLANG_CXX_LANGUAGE_STANDARD = "gnu++0x";
				CLANG_CXX_LIBRARY = "libc++";
				CLANG_ENABLE_MODULES = YES;
				CLANG_ENABLE_OBJC_ARC = YES;
				CLANG_WARN_BOOL_CONVERSION = YES;
				CLANG_WARN_CONSTANT_CONVERSION = YES;
				CLANG_WARN_DIRECT_OBJC_ISA_USAGE = YES_ERROR;
				CLANG_WARN_EMPTY_BODY = YES;
				CLANG_WARN_ENUM_CONVERSION = YES;
				CLANG_WARN_INT_CONVERSION = YES;
				CLANG_WARN_OBJC_ROOT_CLASS = YES_ERROR;
				CLANG_WARN_UNREACHABLE_CODE = YES;
				CLANG_WARN__DUPLICATE_METHOD_MATCH = YES;
				"CODE_SIGN_IDENTITY[sdk=iphoneos*]" = "iPhone Developer";
				COPY_PHASE_STRIP = NO;
				DEBUG_INFORMATION_FORMAT = "dwarf-with-dsym";
				ENABLE_NS_ASSERTIONS = NO;
				ENABLE_STRICT_OBJC_MSGSEND = YES;
				GCC_C_LANGUAGE_STANDARD = gnu99;
				GCC_NO_COMMON_BLOCKS = YES;
				GCC_WARN_64_TO_32_BIT_CONVERSION = YES;
				GCC_WARN_ABOUT_RETURN_TYPE = YES_ERROR;
				GCC_WARN_UNDECLARED_SELECTOR = YES;
				GCC_WARN_UNINITIALIZED_AUTOS = YES_AGGRESSIVE;
				GCC_WARN_UNUSED_FUNCTION = YES;
				GCC_WARN_UNUSED_VARIABLE = YES;
				IPHONEOS_DEPLOYMENT_TARGET = 8.3;
				MTL_ENABLE_DEBUG_INFO = NO;
				SDKROOT = iphoneos;
				VALIDATE_PRODUCT = YES;
			};
			name = Release;
		};
		451565341B68221B005A2871 /* Debug */ = {
			isa = XCBuildConfiguration;
			baseConfigurationReference = 2A091188074B9C927FC5D79C /* Pods.debug.xcconfig */;
			buildSettings = {
				ASSETCATALOG_COMPILER_APPICON_NAME = AppIcon;
				INFOPLIST_FILE = Indigenous/Info.plist;
				LD_RUNPATH_SEARCH_PATHS = "$(inherited) @executable_path/Frameworks";
				PRODUCT_NAME = "$(TARGET_NAME)";
			};
			name = Debug;
		};
		451565351B68221B005A2871 /* Release */ = {
			isa = XCBuildConfiguration;
			baseConfigurationReference = 978AD411918DBD4335023B25 /* Pods.release.xcconfig */;
			buildSettings = {
				ASSETCATALOG_COMPILER_APPICON_NAME = AppIcon;
				INFOPLIST_FILE = Indigenous/Info.plist;
				LD_RUNPATH_SEARCH_PATHS = "$(inherited) @executable_path/Frameworks";
				PRODUCT_NAME = "$(TARGET_NAME)";
			};
			name = Release;
		};
		451565371B68221B005A2871 /* Debug */ = {
			isa = XCBuildConfiguration;
			buildSettings = {
				BUNDLE_LOADER = "$(TEST_HOST)";
				FRAMEWORK_SEARCH_PATHS = (
					"$(SDKROOT)/Developer/Library/Frameworks",
					"$(inherited)",
				);
				GCC_PREPROCESSOR_DEFINITIONS = (
					"DEBUG=1",
					"$(inherited)",
				);
				INFOPLIST_FILE = IndigenousTests/Info.plist;
				LD_RUNPATH_SEARCH_PATHS = "$(inherited) @executable_path/Frameworks @loader_path/Frameworks";
				PRODUCT_NAME = "$(TARGET_NAME)";
				TEST_HOST = "$(BUILT_PRODUCTS_DIR)/Indigenous.app/Indigenous";
			};
			name = Debug;
		};
		451565381B68221B005A2871 /* Release */ = {
			isa = XCBuildConfiguration;
			buildSettings = {
				BUNDLE_LOADER = "$(TEST_HOST)";
				FRAMEWORK_SEARCH_PATHS = (
					"$(SDKROOT)/Developer/Library/Frameworks",
					"$(inherited)",
				);
				INFOPLIST_FILE = IndigenousTests/Info.plist;
				LD_RUNPATH_SEARCH_PATHS = "$(inherited) @executable_path/Frameworks @loader_path/Frameworks";
				PRODUCT_NAME = "$(TARGET_NAME)";
				TEST_HOST = "$(BUILT_PRODUCTS_DIR)/Indigenous.app/Indigenous";
			};
			name = Release;
		};
/* End XCBuildConfiguration section */

/* Begin XCConfigurationList section */
		4515650B1B68221B005A2871 /* Build configuration list for PBXProject "Indigenous" */ = {
			isa = XCConfigurationList;
			buildConfigurations = (
				451565311B68221B005A2871 /* Debug */,
				451565321B68221B005A2871 /* Release */,
			);
			defaultConfigurationIsVisible = 0;
			defaultConfigurationName = Release;
		};
		451565331B68221B005A2871 /* Build configuration list for PBXNativeTarget "Indigenous" */ = {
			isa = XCConfigurationList;
			buildConfigurations = (
				451565341B68221B005A2871 /* Debug */,
				451565351B68221B005A2871 /* Release */,
			);
			defaultConfigurationIsVisible = 0;
			defaultConfigurationName = Release;
		};
		451565361B68221B005A2871 /* Build configuration list for PBXNativeTarget "IndigenousTests" */ = {
			isa = XCConfigurationList;
			buildConfigurations = (
				451565371B68221B005A2871 /* Debug */,
				451565381B68221B005A2871 /* Release */,
			);
			defaultConfigurationIsVisible = 0;
			defaultConfigurationName = Release;
		};
/* End XCConfigurationList section */
	};
	rootObject = 451565081B68221B005A2871 /* Project object */;
}
